// !$*UTF8*$!
{
	archiveVersion = 1;
	classes = {
	};
	objectVersion = 55;
	objects = {

/* Begin PBXBuildFile section */
		159B6FAC297492C7E42787F6 /* Pods_CoffeHUB.framework in Frameworks */ = {isa = PBXBuildFile; fileRef = A29FBB031D2FD53A4A01E353 /* Pods_CoffeHUB.framework */; };
		D136615228C93EE0000DD186 /* AppDelegate.swift in Sources */ = {isa = PBXBuildFile; fileRef = D136615128C93EE0000DD186 /* AppDelegate.swift */; };
		D136615428C93EE0000DD186 /* SceneDelegate.swift in Sources */ = {isa = PBXBuildFile; fileRef = D136615328C93EE0000DD186 /* SceneDelegate.swift */; };
		D136615628C93EE0000DD186 /* ViewController.swift in Sources */ = {isa = PBXBuildFile; fileRef = D136615528C93EE0000DD186 /* ViewController.swift */; };
		D136615928C93EE0000DD186 /* Main.storyboard in Resources */ = {isa = PBXBuildFile; fileRef = D136615728C93EE0000DD186 /* Main.storyboard */; };
		D136615B28C93EE2000DD186 /* Assets.xcassets in Resources */ = {isa = PBXBuildFile; fileRef = D136615A28C93EE2000DD186 /* Assets.xcassets */; };
		D136615E28C93EE2000DD186 /* LaunchScreen.storyboard in Resources */ = {isa = PBXBuildFile; fileRef = D136615C28C93EE2000DD186 /* LaunchScreen.storyboard */; };
		D16B309228C9524600229B5E /* MenuTableView.swift in Sources */ = {isa = PBXBuildFile; fileRef = D16B309128C9524600229B5E /* MenuTableView.swift */; };
		D16B309528C952EC00229B5E /* Utilities.swift in Sources */ = {isa = PBXBuildFile; fileRef = D16B309428C952EC00229B5E /* Utilities.swift */; };
		D16B309728C9557200229B5E /* MenuTableViewCell.swift in Sources */ = {isa = PBXBuildFile; fileRef = D16B309628C9557200229B5E /* MenuTableViewCell.swift */; };
		D16B309928C95C3E00229B5E /* MenuModel.swift in Sources */ = {isa = PBXBuildFile; fileRef = D16B309828C95C3E00229B5E /* MenuModel.swift */; };
		D1C0706128CCC5E900723BA7 /* WelcomeViewController.swift in Sources */ = {isa = PBXBuildFile; fileRef = D1C0706028CCC5E900723BA7 /* WelcomeViewController.swift */; };
		D1C0706328CCC67400723BA7 /* ProfileViewController.swift in Sources */ = {isa = PBXBuildFile; fileRef = D1C0706228CCC67400723BA7 /* ProfileViewController.swift */; };
		D1C6814E28CF4A160092FED7 /* CornerRadius.swift in Sources */ = {isa = PBXBuildFile; fileRef = D1C6814D28CF4A160092FED7 /* CornerRadius.swift */; };
		D1DFD60028CF564600472363 /* DropShadow.swift in Sources */ = {isa = PBXBuildFile; fileRef = D1DFD5FF28CF564600472363 /* DropShadow.swift */; };
		D1ED9B3A28CC73FD00823328 /* Secound.storyboard in Resources */ = {isa = PBXBuildFile; fileRef = D1ED9B3928CC73FD00823328 /* Secound.storyboard */; };
		D1ED9B3C28CC91F000823328 /* CartViewController.swift in Sources */ = {isa = PBXBuildFile; fileRef = D1ED9B3B28CC91F000823328 /* CartViewController.swift */; };
		D1ED9B3E28CC926500823328 /* CartTableView.swift in Sources */ = {isa = PBXBuildFile; fileRef = D1ED9B3D28CC926500823328 /* CartTableView.swift */; };
		D1ED9B4028CC92BD00823328 /* CartTableViewCell.swift in Sources */ = {isa = PBXBuildFile; fileRef = D1ED9B3F28CC92BD00823328 /* CartTableViewCell.swift */; };
		FC39F77F28D0CCD500CC4209 /* LoginResponseModel.swift in Sources */ = {isa = PBXBuildFile; fileRef = FC39F77E28D0CCD500CC4209 /* LoginResponseModel.swift */; };
		FC39F78128D0E2B000CC4209 /* ProfileData.swift in Sources */ = {isa = PBXBuildFile; fileRef = FC39F78028D0E2B000CC4209 /* ProfileData.swift */; };
		FC5BCE1328CE01B900DB8F1E /* CoffeHUB.xcdatamodeld in Sources */ = {isa = PBXBuildFile; fileRef = FC5BCE1128CE01B900DB8F1E /* CoffeHUB.xcdatamodeld */; };
		FC5BCE1528CE027500DB8F1E /* RegisterModel.swift in Sources */ = {isa = PBXBuildFile; fileRef = FC5BCE1428CE027500DB8F1E /* RegisterModel.swift */; };
		FC5BCE1728CE02EF00DB8F1E /* ExtensionRegisterViewController.swift in Sources */ = {isa = PBXBuildFile; fileRef = FC5BCE1628CE02EF00DB8F1E /* ExtensionRegisterViewController.swift */; };
		FC5BCE1928CE0AC700DB8F1E /* ExtensionLoginViewController.swift in Sources */ = {isa = PBXBuildFile; fileRef = FC5BCE1828CE0AC700DB8F1E /* ExtensionLoginViewController.swift */; };
		FC6E274028CF912B0032706F /* CoffeeSize.swift in Sources */ = {isa = PBXBuildFile; fileRef = FC6E273F28CF912B0032706F /* CoffeeSize.swift */; };
		FC6E274428CFD28C0032706F /* RegisterNetwork.swift in Sources */ = {isa = PBXBuildFile; fileRef = FC6E274328CFD28C0032706F /* RegisterNetwork.swift */; };
		FC6E274628CFD7730032706F /* LoginNetwork.swift in Sources */ = {isa = PBXBuildFile; fileRef = FC6E274528CFD7730032706F /* LoginNetwork.swift */; };
		FC6E274828D0057E0032706F /* LoginModel.swift in Sources */ = {isa = PBXBuildFile; fileRef = FC6E274728D0057E0032706F /* LoginModel.swift */; };
		FCC13A2528CCCF1600EE6D4D /* LogInViewController.swift in Sources */ = {isa = PBXBuildFile; fileRef = FCC13A2428CCCF1600EE6D4D /* LogInViewController.swift */; };
		FCC13A2728CCEC6100EE6D4D /* RegisterViewController.swift in Sources */ = {isa = PBXBuildFile; fileRef = FCC13A2628CCEC6100EE6D4D /* RegisterViewController.swift */; };
		FCC13A2928CD20CD00EE6D4D /* PreferencesViewController.swift in Sources */ = {isa = PBXBuildFile; fileRef = FCC13A2828CD20CD00EE6D4D /* PreferencesViewController.swift */; };
/* End PBXBuildFile section */

/* Begin PBXFileReference section */
		6822F6B42028442EBEB6D1FA /* Pods-CoffeHUB.debug.xcconfig */ = {isa = PBXFileReference; includeInIndex = 1; lastKnownFileType = text.xcconfig; name = "Pods-CoffeHUB.debug.xcconfig"; path = "Target Support Files/Pods-CoffeHUB/Pods-CoffeHUB.debug.xcconfig"; sourceTree = "<group>"; };
		7B6564AF62F26695666005C3 /* Pods-CoffeHUB.release.xcconfig */ = {isa = PBXFileReference; includeInIndex = 1; lastKnownFileType = text.xcconfig; name = "Pods-CoffeHUB.release.xcconfig"; path = "Target Support Files/Pods-CoffeHUB/Pods-CoffeHUB.release.xcconfig"; sourceTree = "<group>"; };
		A29FBB031D2FD53A4A01E353 /* Pods_CoffeHUB.framework */ = {isa = PBXFileReference; explicitFileType = wrapper.framework; includeInIndex = 0; path = Pods_CoffeHUB.framework; sourceTree = BUILT_PRODUCTS_DIR; };
		D136614E28C93EE0000DD186 /* CoffeHUB.app */ = {isa = PBXFileReference; explicitFileType = wrapper.application; includeInIndex = 0; path = CoffeHUB.app; sourceTree = BUILT_PRODUCTS_DIR; };
		D136615128C93EE0000DD186 /* AppDelegate.swift */ = {isa = PBXFileReference; lastKnownFileType = sourcecode.swift; path = AppDelegate.swift; sourceTree = "<group>"; };
		D136615328C93EE0000DD186 /* SceneDelegate.swift */ = {isa = PBXFileReference; lastKnownFileType = sourcecode.swift; path = SceneDelegate.swift; sourceTree = "<group>"; };
		D136615528C93EE0000DD186 /* ViewController.swift */ = {isa = PBXFileReference; lastKnownFileType = sourcecode.swift; path = ViewController.swift; sourceTree = "<group>"; };
		D136615828C93EE0000DD186 /* Base */ = {isa = PBXFileReference; lastKnownFileType = file.storyboard; name = Base; path = Base.lproj/Main.storyboard; sourceTree = "<group>"; };
		D136615A28C93EE2000DD186 /* Assets.xcassets */ = {isa = PBXFileReference; lastKnownFileType = folder.assetcatalog; path = Assets.xcassets; sourceTree = "<group>"; };
		D136615D28C93EE2000DD186 /* Base */ = {isa = PBXFileReference; lastKnownFileType = file.storyboard; name = Base; path = Base.lproj/LaunchScreen.storyboard; sourceTree = "<group>"; };
		D136615F28C93EE2000DD186 /* Info.plist */ = {isa = PBXFileReference; lastKnownFileType = text.plist.xml; path = Info.plist; sourceTree = "<group>"; };
		D16B309128C9524600229B5E /* MenuTableView.swift */ = {isa = PBXFileReference; lastKnownFileType = sourcecode.swift; path = MenuTableView.swift; sourceTree = "<group>"; };
		D16B309428C952EC00229B5E /* Utilities.swift */ = {isa = PBXFileReference; lastKnownFileType = sourcecode.swift; path = Utilities.swift; sourceTree = "<group>"; };
		D16B309628C9557200229B5E /* MenuTableViewCell.swift */ = {isa = PBXFileReference; lastKnownFileType = sourcecode.swift; path = MenuTableViewCell.swift; sourceTree = "<group>"; };
		D16B309828C95C3E00229B5E /* MenuModel.swift */ = {isa = PBXFileReference; lastKnownFileType = sourcecode.swift; path = MenuModel.swift; sourceTree = "<group>"; };
		D1C0706028CCC5E900723BA7 /* WelcomeViewController.swift */ = {isa = PBXFileReference; lastKnownFileType = sourcecode.swift; path = WelcomeViewController.swift; sourceTree = "<group>"; };
		D1C0706228CCC67400723BA7 /* ProfileViewController.swift */ = {isa = PBXFileReference; lastKnownFileType = sourcecode.swift; path = ProfileViewController.swift; sourceTree = "<group>"; };
		D1C6814D28CF4A160092FED7 /* CornerRadius.swift */ = {isa = PBXFileReference; lastKnownFileType = sourcecode.swift; path = CornerRadius.swift; sourceTree = "<group>"; };
		D1DFD5FF28CF564600472363 /* DropShadow.swift */ = {isa = PBXFileReference; lastKnownFileType = sourcecode.swift; path = DropShadow.swift; sourceTree = "<group>"; };
		D1ED9B3928CC73FD00823328 /* Secound.storyboard */ = {isa = PBXFileReference; lastKnownFileType = file.storyboard; path = Secound.storyboard; sourceTree = "<group>"; };
		D1ED9B3B28CC91F000823328 /* CartViewController.swift */ = {isa = PBXFileReference; lastKnownFileType = sourcecode.swift; path = CartViewController.swift; sourceTree = "<group>"; };
		D1ED9B3D28CC926500823328 /* CartTableView.swift */ = {isa = PBXFileReference; lastKnownFileType = sourcecode.swift; path = CartTableView.swift; sourceTree = "<group>"; };
		D1ED9B3F28CC92BD00823328 /* CartTableViewCell.swift */ = {isa = PBXFileReference; lastKnownFileType = sourcecode.swift; path = CartTableViewCell.swift; sourceTree = "<group>"; };
		FC39F77E28D0CCD500CC4209 /* LoginResponseModel.swift */ = {isa = PBXFileReference; lastKnownFileType = sourcecode.swift; path = LoginResponseModel.swift; sourceTree = "<group>"; };
		FC39F78028D0E2B000CC4209 /* ProfileData.swift */ = {isa = PBXFileReference; lastKnownFileType = sourcecode.swift; path = ProfileData.swift; sourceTree = "<group>"; };
		FC5BCE1228CE01B900DB8F1E /* CoffeHUB.xcdatamodel */ = {isa = PBXFileReference; lastKnownFileType = wrapper.xcdatamodel; path = CoffeHUB.xcdatamodel; sourceTree = "<group>"; };
		FC5BCE1428CE027500DB8F1E /* RegisterModel.swift */ = {isa = PBXFileReference; lastKnownFileType = sourcecode.swift; path = RegisterModel.swift; sourceTree = "<group>"; };
		FC5BCE1628CE02EF00DB8F1E /* ExtensionRegisterViewController.swift */ = {isa = PBXFileReference; lastKnownFileType = sourcecode.swift; path = ExtensionRegisterViewController.swift; sourceTree = "<group>"; };
		FC5BCE1828CE0AC700DB8F1E /* ExtensionLoginViewController.swift */ = {isa = PBXFileReference; lastKnownFileType = sourcecode.swift; path = ExtensionLoginViewController.swift; sourceTree = "<group>"; };
		FC6E273F28CF912B0032706F /* CoffeeSize.swift */ = {isa = PBXFileReference; lastKnownFileType = sourcecode.swift; path = CoffeeSize.swift; sourceTree = "<group>"; };
		FC6E274328CFD28C0032706F /* RegisterNetwork.swift */ = {isa = PBXFileReference; lastKnownFileType = sourcecode.swift; path = RegisterNetwork.swift; sourceTree = "<group>"; };
		FC6E274528CFD7730032706F /* LoginNetwork.swift */ = {isa = PBXFileReference; lastKnownFileType = sourcecode.swift; path = LoginNetwork.swift; sourceTree = "<group>"; };
		FC6E274728D0057E0032706F /* LoginModel.swift */ = {isa = PBXFileReference; lastKnownFileType = sourcecode.swift; path = LoginModel.swift; sourceTree = "<group>"; };
		FCC13A2428CCCF1600EE6D4D /* LogInViewController.swift */ = {isa = PBXFileReference; lastKnownFileType = sourcecode.swift; path = LogInViewController.swift; sourceTree = "<group>"; };
		FCC13A2628CCEC6100EE6D4D /* RegisterViewController.swift */ = {isa = PBXFileReference; lastKnownFileType = sourcecode.swift; path = RegisterViewController.swift; sourceTree = "<group>"; };
		FCC13A2828CD20CD00EE6D4D /* PreferencesViewController.swift */ = {isa = PBXFileReference; lastKnownFileType = sourcecode.swift; path = PreferencesViewController.swift; sourceTree = "<group>"; };
/* End PBXFileReference section */

/* Begin PBXFrameworksBuildPhase section */
		D136614B28C93EE0000DD186 /* Frameworks */ = {
			isa = PBXFrameworksBuildPhase;
			buildActionMask = 2147483647;
			files = (
				159B6FAC297492C7E42787F6 /* Pods_CoffeHUB.framework in Frameworks */,
			);
			runOnlyForDeploymentPostprocessing = 0;
		};
/* End PBXFrameworksBuildPhase section */

/* Begin PBXGroup section */
		2AE140A9F3CE30E0A545AE3D /* Pods */ = {
			isa = PBXGroup;
			children = (
				6822F6B42028442EBEB6D1FA /* Pods-CoffeHUB.debug.xcconfig */,
				7B6564AF62F26695666005C3 /* Pods-CoffeHUB.release.xcconfig */,
			);
			path = Pods;
			sourceTree = "<group>";
		};
		681AD07BA86F24776098F4FE /* Frameworks */ = {
			isa = PBXGroup;
			children = (
				A29FBB031D2FD53A4A01E353 /* Pods_CoffeHUB.framework */,
			);
			name = Frameworks;
			sourceTree = "<group>";
		};
		D136614528C93EE0000DD186 = {
			isa = PBXGroup;
			children = (
				D136615028C93EE0000DD186 /* CoffeHUB */,
				D136614F28C93EE0000DD186 /* Products */,
				2AE140A9F3CE30E0A545AE3D /* Pods */,
				681AD07BA86F24776098F4FE /* Frameworks */,
			);
			sourceTree = "<group>";
		};
		D136614F28C93EE0000DD186 /* Products */ = {
			isa = PBXGroup;
			children = (
				D136614E28C93EE0000DD186 /* CoffeHUB.app */,
			);
			name = Products;
			sourceTree = "<group>";
		};
		D136615028C93EE0000DD186 /* CoffeHUB */ = {
			isa = PBXGroup;
			children = (
				FC6E274228CFD2500032706F /* APINetwork */,
				D1C6814C28CF4A020092FED7 /* Extenstion */,
				D136616528C94F9B000DD186 /* Model */,
				D16B309328C9529000229B5E /* Utilities */,
				D136616728C94FAD000DD186 /* Controller */,
				D136616628C94FA3000DD186 /* View */,
				D136615A28C93EE2000DD186 /* Assets.xcassets */,
				D136615F28C93EE2000DD186 /* Info.plist */,
				FC5BCE1128CE01B900DB8F1E /* CoffeHUB.xcdatamodeld */,
			);
			path = CoffeHUB;
			sourceTree = "<group>";
		};
		D136616528C94F9B000DD186 /* Model */ = {
			isa = PBXGroup;
			children = (
				D16B309828C95C3E00229B5E /* MenuModel.swift */,
				FC5BCE1428CE027500DB8F1E /* RegisterModel.swift */,
				FC6E273F28CF912B0032706F /* CoffeeSize.swift */,
				FC6E274728D0057E0032706F /* LoginModel.swift */,
				FC39F77E28D0CCD500CC4209 /* LoginResponseModel.swift */,
			);
			path = Model;
			sourceTree = "<group>";
		};
		D136616628C94FA3000DD186 /* View */ = {
			isa = PBXGroup;
			children = (
				D136615728C93EE0000DD186 /* Main.storyboard */,
				D1ED9B3928CC73FD00823328 /* Secound.storyboard */,
				D136615C28C93EE2000DD186 /* LaunchScreen.storyboard */,
				D16B309128C9524600229B5E /* MenuTableView.swift */,
				D16B309628C9557200229B5E /* MenuTableViewCell.swift */,
				D1ED9B3D28CC926500823328 /* CartTableView.swift */,
				D1ED9B3F28CC92BD00823328 /* CartTableViewCell.swift */,
			);
			path = View;
			sourceTree = "<group>";
		};
		D136616728C94FAD000DD186 /* Controller */ = {
			isa = PBXGroup;
			children = (
				D136615128C93EE0000DD186 /* AppDelegate.swift */,
				D136615328C93EE0000DD186 /* SceneDelegate.swift */,
				D136615528C93EE0000DD186 /* ViewController.swift */,
				D1ED9B3B28CC91F000823328 /* CartViewController.swift */,
				D1C0706028CCC5E900723BA7 /* WelcomeViewController.swift */,
				D1C0706228CCC67400723BA7 /* ProfileViewController.swift */,
				FCC13A2428CCCF1600EE6D4D /* LogInViewController.swift */,
				FCC13A2628CCEC6100EE6D4D /* RegisterViewController.swift */,
				FCC13A2828CD20CD00EE6D4D /* PreferencesViewController.swift */,
				FC5BCE1628CE02EF00DB8F1E /* ExtensionRegisterViewController.swift */,
				FC5BCE1828CE0AC700DB8F1E /* ExtensionLoginViewController.swift */,
			);
			path = Controller;
			sourceTree = "<group>";
		};
		D16B309328C9529000229B5E /* Utilities */ = {
			isa = PBXGroup;
			children = (
				D16B309428C952EC00229B5E /* Utilities.swift */,
			);
			path = Utilities;
			sourceTree = "<group>";
		};
		D1C6814C28CF4A020092FED7 /* Extenstion */ = {
			isa = PBXGroup;
			children = (
				D1C6814D28CF4A160092FED7 /* CornerRadius.swift */,
				D1DFD5FF28CF564600472363 /* DropShadow.swift */,
			);
			path = Extenstion;
			sourceTree = "<group>";
		};
		FC6E274228CFD2500032706F /* APINetwork */ = {
			isa = PBXGroup;
			children = (
				FC6E274328CFD28C0032706F /* RegisterNetwork.swift */,
				FC6E274528CFD7730032706F /* LoginNetwork.swift */,
				FC39F78028D0E2B000CC4209 /* ProfileData.swift */,
			);
			path = APINetwork;
			sourceTree = "<group>";
		};
/* End PBXGroup section */

/* Begin PBXNativeTarget section */
		D136614D28C93EE0000DD186 /* CoffeHUB */ = {
			isa = PBXNativeTarget;
			buildConfigurationList = D136616228C93EE2000DD186 /* Build configuration list for PBXNativeTarget "CoffeHUB" */;
			buildPhases = (
				79FD2A78DB62AF3145AAC297 /* [CP] Check Pods Manifest.lock */,
				D136614A28C93EE0000DD186 /* Sources */,
				D136614B28C93EE0000DD186 /* Frameworks */,
				D136614C28C93EE0000DD186 /* Resources */,
				14D47C8C094BD552C9635C0A /* [CP] Embed Pods Frameworks */,
			);
			buildRules = (
			);
			dependencies = (
			);
			name = CoffeHUB;
			productName = CoffeHUB;
			productReference = D136614E28C93EE0000DD186 /* CoffeHUB.app */;
			productType = "com.apple.product-type.application";
		};
/* End PBXNativeTarget section */

/* Begin PBXProject section */
		D136614628C93EE0000DD186 /* Project object */ = {
			isa = PBXProject;
			attributes = {
				BuildIndependentTargetsInParallel = 1;
				LastSwiftUpdateCheck = 1340;
				LastUpgradeCheck = 1340;
				TargetAttributes = {
					D136614D28C93EE0000DD186 = {
						CreatedOnToolsVersion = 13.4.1;
					};
				};
			};
			buildConfigurationList = D136614928C93EE0000DD186 /* Build configuration list for PBXProject "CoffeHUB" */;
			compatibilityVersion = "Xcode 13.0";
			developmentRegion = en;
			hasScannedForEncodings = 0;
			knownRegions = (
				en,
				Base,
			);
			mainGroup = D136614528C93EE0000DD186;
			productRefGroup = D136614F28C93EE0000DD186 /* Products */;
			projectDirPath = "";
			projectRoot = "";
			targets = (
				D136614D28C93EE0000DD186 /* CoffeHUB */,
			);
		};
/* End PBXProject section */

/* Begin PBXResourcesBuildPhase section */
		D136614C28C93EE0000DD186 /* Resources */ = {
			isa = PBXResourcesBuildPhase;
			buildActionMask = 2147483647;
			files = (
				D136615E28C93EE2000DD186 /* LaunchScreen.storyboard in Resources */,
				D136615B28C93EE2000DD186 /* Assets.xcassets in Resources */,
				D1ED9B3A28CC73FD00823328 /* Secound.storyboard in Resources */,
				D136615928C93EE0000DD186 /* Main.storyboard in Resources */,
			);
			runOnlyForDeploymentPostprocessing = 0;
		};
/* End PBXResourcesBuildPhase section */

/* Begin PBXShellScriptBuildPhase section */
		14D47C8C094BD552C9635C0A /* [CP] Embed Pods Frameworks */ = {
			isa = PBXShellScriptBuildPhase;
			buildActionMask = 2147483647;
			files = (
			);
			inputFileListPaths = (
				"${PODS_ROOT}/Target Support Files/Pods-CoffeHUB/Pods-CoffeHUB-frameworks-${CONFIGURATION}-input-files.xcfilelist",
			);
			name = "[CP] Embed Pods Frameworks";
			outputFileListPaths = (
				"${PODS_ROOT}/Target Support Files/Pods-CoffeHUB/Pods-CoffeHUB-frameworks-${CONFIGURATION}-output-files.xcfilelist",
			);
			runOnlyForDeploymentPostprocessing = 0;
			shellPath = /bin/sh;
			shellScript = "\"${PODS_ROOT}/Target Support Files/Pods-CoffeHUB/Pods-CoffeHUB-frameworks.sh\"\n";
			showEnvVarsInLog = 0;
		};
		79FD2A78DB62AF3145AAC297 /* [CP] Check Pods Manifest.lock */ = {
			isa = PBXShellScriptBuildPhase;
			buildActionMask = 2147483647;
			files = (
			);
			inputFileListPaths = (
			);
			inputPaths = (
				"${PODS_PODFILE_DIR_PATH}/Podfile.lock",
				"${PODS_ROOT}/Manifest.lock",
			);
			name = "[CP] Check Pods Manifest.lock";
			outputFileListPaths = (
			);
			outputPaths = (
				"$(DERIVED_FILE_DIR)/Pods-CoffeHUB-checkManifestLockResult.txt",
			);
			runOnlyForDeploymentPostprocessing = 0;
			shellPath = /bin/sh;
			shellScript = "diff \"${PODS_PODFILE_DIR_PATH}/Podfile.lock\" \"${PODS_ROOT}/Manifest.lock\" > /dev/null\nif [ $? != 0 ] ; then\n    # print error to STDERR\n    echo \"error: The sandbox is not in sync with the Podfile.lock. Run 'pod install' or update your CocoaPods installation.\" >&2\n    exit 1\nfi\n# This output is used by Xcode 'outputs' to avoid re-running this script phase.\necho \"SUCCESS\" > \"${SCRIPT_OUTPUT_FILE_0}\"\n";
			showEnvVarsInLog = 0;
		};
/* End PBXShellScriptBuildPhase section */

/* Begin PBXSourcesBuildPhase section */
		D136614A28C93EE0000DD186 /* Sources */ = {
			isa = PBXSourcesBuildPhase;
			buildActionMask = 2147483647;
			files = (
				FC6E274428CFD28C0032706F /* RegisterNetwork.swift in Sources */,
				D136615628C93EE0000DD186 /* ViewController.swift in Sources */,
				D1DFD60028CF564600472363 /* DropShadow.swift in Sources */,
				D136615228C93EE0000DD186 /* AppDelegate.swift in Sources */,
				D1C0706128CCC5E900723BA7 /* WelcomeViewController.swift in Sources */,
				D16B309728C9557200229B5E /* MenuTableViewCell.swift in Sources */,
				D16B309928C95C3E00229B5E /* MenuModel.swift in Sources */,
				D1C6814E28CF4A160092FED7 /* CornerRadius.swift in Sources */,
				FCC13A2928CD20CD00EE6D4D /* PreferencesViewController.swift in Sources */,
				D1ED9B3C28CC91F000823328 /* CartViewController.swift in Sources */,
				FC6E274828D0057E0032706F /* LoginModel.swift in Sources */,
				FC39F78128D0E2B000CC4209 /* ProfileData.swift in Sources */,
				FC5BCE1728CE02EF00DB8F1E /* ExtensionRegisterViewController.swift in Sources */,
				FCC13A2528CCCF1600EE6D4D /* LogInViewController.swift in Sources */,
				D1C0706328CCC67400723BA7 /* ProfileViewController.swift in Sources */,
				FC5BCE1928CE0AC700DB8F1E /* ExtensionLoginViewController.swift in Sources */,
				D1ED9B3E28CC926500823328 /* CartTableView.swift in Sources */,
				FC39F77F28D0CCD500CC4209 /* LoginResponseModel.swift in Sources */,
				FCC13A2728CCEC6100EE6D4D /* RegisterViewController.swift in Sources */,
				FC6E274628CFD7730032706F /* LoginNetwork.swift in Sources */,
				D16B309228C9524600229B5E /* MenuTableView.swift in Sources */,
				D1ED9B4028CC92BD00823328 /* CartTableViewCell.swift in Sources */,
				FC5BCE1528CE027500DB8F1E /* RegisterModel.swift in Sources */,
				D16B309528C952EC00229B5E /* Utilities.swift in Sources */,
				D136615428C93EE0000DD186 /* SceneDelegate.swift in Sources */,
				FC6E274028CF912B0032706F /* CoffeeSize.swift in Sources */,
				FC5BCE1328CE01B900DB8F1E /* CoffeHUB.xcdatamodeld in Sources */,
			);
			runOnlyForDeploymentPostprocessing = 0;
		};
/* End PBXSourcesBuildPhase section */

/* Begin PBXVariantGroup section */
		D136615728C93EE0000DD186 /* Main.storyboard */ = {
			isa = PBXVariantGroup;
			children = (
				D136615828C93EE0000DD186 /* Base */,
			);
			name = Main.storyboard;
			sourceTree = "<group>";
		};
		D136615C28C93EE2000DD186 /* LaunchScreen.storyboard */ = {
			isa = PBXVariantGroup;
			children = (
				D136615D28C93EE2000DD186 /* Base */,
			);
			name = LaunchScreen.storyboard;
			sourceTree = "<group>";
		};
/* End PBXVariantGroup section */

/* Begin XCBuildConfiguration section */
		D136616028C93EE2000DD186 /* Debug */ = {
			isa = XCBuildConfiguration;
			buildSettings = {
				ALWAYS_SEARCH_USER_PATHS = NO;
				CLANG_ANALYZER_NONNULL = YES;
				CLANG_ANALYZER_NUMBER_OBJECT_CONVERSION = YES_AGGRESSIVE;
				CLANG_CXX_LANGUAGE_STANDARD = "gnu++17";
				CLANG_ENABLE_MODULES = YES;
				CLANG_ENABLE_OBJC_ARC = YES;
				CLANG_ENABLE_OBJC_WEAK = YES;
				CLANG_WARN_BLOCK_CAPTURE_AUTORELEASING = YES;
				CLANG_WARN_BOOL_CONVERSION = YES;
				CLANG_WARN_COMMA = YES;
				CLANG_WARN_CONSTANT_CONVERSION = YES;
				CLANG_WARN_DEPRECATED_OBJC_IMPLEMENTATIONS = YES;
				CLANG_WARN_DIRECT_OBJC_ISA_USAGE = YES_ERROR;
				CLANG_WARN_DOCUMENTATION_COMMENTS = YES;
				CLANG_WARN_EMPTY_BODY = YES;
				CLANG_WARN_ENUM_CONVERSION = YES;
				CLANG_WARN_INFINITE_RECURSION = YES;
				CLANG_WARN_INT_CONVERSION = YES;
				CLANG_WARN_NON_LITERAL_NULL_CONVERSION = YES;
				CLANG_WARN_OBJC_IMPLICIT_RETAIN_SELF = YES;
				CLANG_WARN_OBJC_LITERAL_CONVERSION = YES;
				CLANG_WARN_OBJC_ROOT_CLASS = YES_ERROR;
				CLANG_WARN_QUOTED_INCLUDE_IN_FRAMEWORK_HEADER = YES;
				CLANG_WARN_RANGE_LOOP_ANALYSIS = YES;
				CLANG_WARN_STRICT_PROTOTYPES = YES;
				CLANG_WARN_SUSPICIOUS_MOVE = YES;
				CLANG_WARN_UNGUARDED_AVAILABILITY = YES_AGGRESSIVE;
				CLANG_WARN_UNREACHABLE_CODE = YES;
				CLANG_WARN__DUPLICATE_METHOD_MATCH = YES;
				COPY_PHASE_STRIP = NO;
				DEBUG_INFORMATION_FORMAT = dwarf;
				ENABLE_STRICT_OBJC_MSGSEND = YES;
				ENABLE_TESTABILITY = YES;
				GCC_C_LANGUAGE_STANDARD = gnu11;
				GCC_DYNAMIC_NO_PIC = NO;
				GCC_NO_COMMON_BLOCKS = YES;
				GCC_OPTIMIZATION_LEVEL = 0;
				GCC_PREPROCESSOR_DEFINITIONS = (
					"DEBUG=1",
					"$(inherited)",
				);
				GCC_WARN_64_TO_32_BIT_CONVERSION = YES;
				GCC_WARN_ABOUT_RETURN_TYPE = YES_ERROR;
				GCC_WARN_UNDECLARED_SELECTOR = YES;
				GCC_WARN_UNINITIALIZED_AUTOS = YES_AGGRESSIVE;
				GCC_WARN_UNUSED_FUNCTION = YES;
				GCC_WARN_UNUSED_VARIABLE = YES;
				IPHONEOS_DEPLOYMENT_TARGET = 15.5;
				MTL_ENABLE_DEBUG_INFO = INCLUDE_SOURCE;
				MTL_FAST_MATH = YES;
				ONLY_ACTIVE_ARCH = YES;
				SDKROOT = iphoneos;
				SWIFT_ACTIVE_COMPILATION_CONDITIONS = DEBUG;
				SWIFT_OPTIMIZATION_LEVEL = "-Onone";
			};
			name = Debug;
		};
		D136616128C93EE2000DD186 /* Release */ = {
			isa = XCBuildConfiguration;
			buildSettings = {
				ALWAYS_SEARCH_USER_PATHS = NO;
				CLANG_ANALYZER_NONNULL = YES;
				CLANG_ANALYZER_NUMBER_OBJECT_CONVERSION = YES_AGGRESSIVE;
				CLANG_CXX_LANGUAGE_STANDARD = "gnu++17";
				CLANG_ENABLE_MODULES = YES;
				CLANG_ENABLE_OBJC_ARC = YES;
				CLANG_ENABLE_OBJC_WEAK = YES;
				CLANG_WARN_BLOCK_CAPTURE_AUTORELEASING = YES;
				CLANG_WARN_BOOL_CONVERSION = YES;
				CLANG_WARN_COMMA = YES;
				CLANG_WARN_CONSTANT_CONVERSION = YES;
				CLANG_WARN_DEPRECATED_OBJC_IMPLEMENTATIONS = YES;
				CLANG_WARN_DIRECT_OBJC_ISA_USAGE = YES_ERROR;
				CLANG_WARN_DOCUMENTATION_COMMENTS = YES;
				CLANG_WARN_EMPTY_BODY = YES;
				CLANG_WARN_ENUM_CONVERSION = YES;
				CLANG_WARN_INFINITE_RECURSION = YES;
				CLANG_WARN_INT_CONVERSION = YES;
				CLANG_WARN_NON_LITERAL_NULL_CONVERSION = YES;
				CLANG_WARN_OBJC_IMPLICIT_RETAIN_SELF = YES;
				CLANG_WARN_OBJC_LITERAL_CONVERSION = YES;
				CLANG_WARN_OBJC_ROOT_CLASS = YES_ERROR;
				CLANG_WARN_QUOTED_INCLUDE_IN_FRAMEWORK_HEADER = YES;
				CLANG_WARN_RANGE_LOOP_ANALYSIS = YES;
				CLANG_WARN_STRICT_PROTOTYPES = YES;
				CLANG_WARN_SUSPICIOUS_MOVE = YES;
				CLANG_WARN_UNGUARDED_AVAILABILITY = YES_AGGRESSIVE;
				CLANG_WARN_UNREACHABLE_CODE = YES;
				CLANG_WARN__DUPLICATE_METHOD_MATCH = YES;
				COPY_PHASE_STRIP = NO;
				DEBUG_INFORMATION_FORMAT = "dwarf-with-dsym";
				ENABLE_NS_ASSERTIONS = NO;
				ENABLE_STRICT_OBJC_MSGSEND = YES;
				GCC_C_LANGUAGE_STANDARD = gnu11;
				GCC_NO_COMMON_BLOCKS = YES;
				GCC_WARN_64_TO_32_BIT_CONVERSION = YES;
				GCC_WARN_ABOUT_RETURN_TYPE = YES_ERROR;
				GCC_WARN_UNDECLARED_SELECTOR = YES;
				GCC_WARN_UNINITIALIZED_AUTOS = YES_AGGRESSIVE;
				GCC_WARN_UNUSED_FUNCTION = YES;
				GCC_WARN_UNUSED_VARIABLE = YES;
				IPHONEOS_DEPLOYMENT_TARGET = 15.5;
				MTL_ENABLE_DEBUG_INFO = NO;
				MTL_FAST_MATH = YES;
				SDKROOT = iphoneos;
				SWIFT_COMPILATION_MODE = wholemodule;
				SWIFT_OPTIMIZATION_LEVEL = "-O";
				VALIDATE_PRODUCT = YES;
			};
			name = Release;
		};
		D136616328C93EE2000DD186 /* Debug */ = {
			isa = XCBuildConfiguration;
			baseConfigurationReference = 6822F6B42028442EBEB6D1FA /* Pods-CoffeHUB.debug.xcconfig */;
			buildSettings = {
				ASSETCATALOG_COMPILER_APPICON_NAME = AppIcon;
				ASSETCATALOG_COMPILER_GLOBAL_ACCENT_COLOR_NAME = AccentColor;
				CODE_SIGN_STYLE = Automatic;
				CURRENT_PROJECT_VERSION = 1;
				DEVELOPMENT_TEAM = "";
				GENERATE_INFOPLIST_FILE = YES;
				INFOPLIST_FILE = CoffeHUB/Info.plist;
				INFOPLIST_KEY_UIApplicationSupportsIndirectInputEvents = YES;
				INFOPLIST_KEY_UILaunchStoryboardName = LaunchScreen;
				INFOPLIST_KEY_UIMainStoryboardFile = Main;
				INFOPLIST_KEY_UISupportedInterfaceOrientations_iPad = "UIInterfaceOrientationPortrait UIInterfaceOrientationPortraitUpsideDown UIInterfaceOrientationLandscapeLeft UIInterfaceOrientationLandscapeRight";
				INFOPLIST_KEY_UISupportedInterfaceOrientations_iPhone = "UIInterfaceOrientationPortrait UIInterfaceOrientationLandscapeLeft UIInterfaceOrientationLandscapeRight";
				IPHONEOS_DEPLOYMENT_TARGET = 15.0;
				LD_RUNPATH_SEARCH_PATHS = (
					"$(inherited)",
					"@executable_path/Frameworks",
				);
				MARKETING_VERSION = 1.0;
				PRODUCT_BUNDLE_IDENTIFIER = com.AhmedKhairy.CoffeHUB;
				PRODUCT_NAME = "$(TARGET_NAME)";
				SWIFT_EMIT_LOC_STRINGS = YES;
				SWIFT_VERSION = 5.0;
				TARGETED_DEVICE_FAMILY = "1,2";
			};
			name = Debug;
		};
		D136616428C93EE2000DD186 /* Release */ = {
			isa = XCBuildConfiguration;
			baseConfigurationReference = 7B6564AF62F26695666005C3 /* Pods-CoffeHUB.release.xcconfig */;
			buildSettings = {
				ASSETCATALOG_COMPILER_APPICON_NAME = AppIcon;
				ASSETCATALOG_COMPILER_GLOBAL_ACCENT_COLOR_NAME = AccentColor;
				CODE_SIGN_STYLE = Automatic;
				CURRENT_PROJECT_VERSION = 1;
				DEVELOPMENT_TEAM = "";
				GENERATE_INFOPLIST_FILE = YES;
				INFOPLIST_FILE = CoffeHUB/Info.plist;
				INFOPLIST_KEY_UIApplicationSupportsIndirectInputEvents = YES;
				INFOPLIST_KEY_UILaunchStoryboardName = LaunchScreen;
				INFOPLIST_KEY_UIMainStoryboardFile = Main;
				INFOPLIST_KEY_UISupportedInterfaceOrientations_iPad = "UIInterfaceOrientationPortrait UIInterfaceOrientationPortraitUpsideDown UIInterfaceOrientationLandscapeLeft UIInterfaceOrientationLandscapeRight";
				INFOPLIST_KEY_UISupportedInterfaceOrientations_iPhone = "UIInterfaceOrientationPortrait UIInterfaceOrientationLandscapeLeft UIInterfaceOrientationLandscapeRight";
				IPHONEOS_DEPLOYMENT_TARGET = 15.0;
				LD_RUNPATH_SEARCH_PATHS = (
					"$(inherited)",
					"@executable_path/Frameworks",
				);
				MARKETING_VERSION = 1.0;
				PRODUCT_BUNDLE_IDENTIFIER = com.AhmedKhairy.CoffeHUB;
				PRODUCT_NAME = "$(TARGET_NAME)";
				SWIFT_EMIT_LOC_STRINGS = YES;
				SWIFT_VERSION = 5.0;
				TARGETED_DEVICE_FAMILY = "1,2";
			};
			name = Release;
		};
/* End XCBuildConfiguration section */

/* Begin XCConfigurationList section */
		D136614928C93EE0000DD186 /* Build configuration list for PBXProject "CoffeHUB" */ = {
			isa = XCConfigurationList;
			buildConfigurations = (
				D136616028C93EE2000DD186 /* Debug */,
				D136616128C93EE2000DD186 /* Release */,
			);
			defaultConfigurationIsVisible = 0;
			defaultConfigurationName = Release;
		};
		D136616228C93EE2000DD186 /* Build configuration list for PBXNativeTarget "CoffeHUB" */ = {
			isa = XCConfigurationList;
			buildConfigurations = (
				D136616328C93EE2000DD186 /* Debug */,
				D136616428C93EE2000DD186 /* Release */,
			);
			defaultConfigurationIsVisible = 0;
			defaultConfigurationName = Release;
		};
/* End XCConfigurationList section */

/* Begin XCVersionGroup section */
		FC5BCE1128CE01B900DB8F1E /* CoffeHUB.xcdatamodeld */ = {
			isa = XCVersionGroup;
			children = (
				FC5BCE1228CE01B900DB8F1E /* CoffeHUB.xcdatamodel */,
			);
			currentVersion = FC5BCE1228CE01B900DB8F1E /* CoffeHUB.xcdatamodel */;
			path = CoffeHUB.xcdatamodeld;
			sourceTree = "<group>";
			versionGroupType = wrapper.xcdatamodel;
		};
/* End XCVersionGroup section */
	};
	rootObject = D136614628C93EE0000DD186 /* Project object */;
}
